
Microsoft Visual Studio Solution File, Format Version 12.00
# Visual Studio 15
Project("{FAE04EC0-301F-11D3-BF4B-00C04F79EFBC}") = "Assembly-CSharp-Editor", "Assembly-CSharp-Editor.csproj", "{393BBA37-0E33-2C7F-BDF1-0A0CAD61B921}"
EndProject
Project("{FAE04EC0-301F-11D3-BF4B-00C04F79EFBC}") = "Assembly-CSharp", "Assembly-CSharp.csproj", "{C036ECFF-900C-C5E9-FA72-EB4C182AF9BD}"
EndProject
Global
	GlobalSection(SolutionConfigurationPlatforms) = preSolution
		Debug|Any CPU = Debug|Any CPU
		Release|Any CPU = Release|Any CPU
	EndGlobalSection
	GlobalSection(ProjectConfigurationPlatforms) = postSolution
		{393BBA37-0E33-2C7F-BDF1-0A0CAD61B921}.Debug|Any CPU.ActiveCfg = Debug|Any CPU
		{393BBA37-0E33-2C7F-BDF1-0A0CAD61B921}.Debug|Any CPU.Build.0 = Debug|Any CPU
		{393BBA37-0E33-2C7F-BDF1-0A0CAD61B921}.Release|Any CPU.ActiveCfg = Release|Any CPU
		{393BBA37-0E33-2C7F-BDF1-0A0CAD61B921}.Release|Any CPU.Build.0 = Release|Any CPU
		{C036ECFF-900C-C5E9-FA72-EB4C182AF9BD}.Debug|Any CPU.ActiveCfg = Debug|Any CPU
		{C036ECFF-900C-C5E9-FA72-EB4C182AF9BD}.Debug|Any CPU.Build.0 = Debug|Any CPU
		{C036ECFF-900C-C5E9-FA72-EB4C182AF9BD}.Release|Any CPU.ActiveCfg = Release|Any CPU
		{C036ECFF-900C-C5E9-FA72-EB4C182AF9BD}.Release|Any CPU.Build.0 = Release|Any CPU
	EndGlobalSection
	GlobalSection(SolutionProperties) = preSolution
		HideSolutionNode = FALSE
	EndGlobalSection
EndGlobal
